
Microsoft Visual Studio Solution File, Format Version 12.00
# Visual Studio 15
VisualStudioVersion = 15.0.28307.705
MinimumVisualStudioVersion = 10.0.40219.1
Project("{FAE04EC0-301F-11D3-BF4B-00C04F79EFBC}") = "Polindrome", "Polindrome\Polindrome.csproj", "{D73DF8E1-24AE-4A78-95DA-310CAD64ED7B}"
EndProject
Project("{FAE04EC0-301F-11D3-BF4B-00C04F79EFBC}") = "Equally", "Equally\Equally.csproj", "{7EAA2538-2530-488C-8100-221ABE8EE574}"
EndProject
Project("{FAE04EC0-301F-11D3-BF4B-00C04F79EFBC}") = "Read_or_Write", "Read_or_Write\Read_or_Write.csproj", "{9DDB4118-535A-4F6D-BEF4-0FA754EB487D}"
EndProject
Global
	GlobalSection(SolutionConfigurationPlatforms) = preSolution
		Debug|Any CPU = Debug|Any CPU
		Release|Any CPU = Release|Any CPU
	EndGlobalSection
	GlobalSection(ProjectConfigurationPlatforms) = postSolution
		{D73DF8E1-24AE-4A78-95DA-310CAD64ED7B}.Debug|Any CPU.ActiveCfg = Debug|Any CPU
		{D73DF8E1-24AE-4A78-95DA-310CAD64ED7B}.Debug|Any CPU.Build.0 = Debug|Any CPU
		{D73DF8E1-24AE-4A78-95DA-310CAD64ED7B}.Release|Any CPU.ActiveCfg = Release|Any CPU
		{D73DF8E1-24AE-4A78-95DA-310CAD64ED7B}.Release|Any CPU.Build.0 = Release|Any CPU
		{7EAA2538-2530-488C-8100-221ABE8EE574}.Debug|Any CPU.ActiveCfg = Debug|Any CPU
		{7EAA2538-2530-488C-8100-221ABE8EE574}.Debug|Any CPU.Build.0 = Debug|Any CPU
		{7EAA2538-2530-488C-8100-221ABE8EE574}.Release|Any CPU.ActiveCfg = Release|Any CPU
		{7EAA2538-2530-488C-8100-221ABE8EE574}.Release|Any CPU.Build.0 = Release|Any CPU
		{9DDB4118-535A-4F6D-BEF4-0FA754EB487D}.Debug|Any CPU.ActiveCfg = Debug|Any CPU
		{9DDB4118-535A-4F6D-BEF4-0FA754EB487D}.Debug|Any CPU.Build.0 = Debug|Any CPU
		{9DDB4118-535A-4F6D-BEF4-0FA754EB487D}.Release|Any CPU.ActiveCfg = Release|Any CPU
		{9DDB4118-535A-4F6D-BEF4-0FA754EB487D}.Release|Any CPU.Build.0 = Release|Any CPU
	EndGlobalSection
	GlobalSection(SolutionProperties) = preSolution
		HideSolutionNode = FALSE
	EndGlobalSection
	GlobalSection(ExtensibilityGlobals) = postSolution
		SolutionGuid = {FF116D89-F234-4507-8DA4-EB27E27A34F6}
	EndGlobalSection
EndGlobal
